// !$*UTF8*$!
{
	archiveVersion = 1;
	classes = {
	};
	objectVersion = 56;
	objects = {

/* Begin PBXBuildFile section */
		771B330E6A3048A27B989015 /* Pods_MyFitness.framework in Frameworks */ = {isa = PBXBuildFile; fileRef = 614DDD6EAE3C4C5AAFEBB31B /* Pods_MyFitness.framework */; };
		8232CB802980100E00453130 /* CalendarTableViewCell.swift in Sources */ = {isa = PBXBuildFile; fileRef = 8232CB7E2980100E00453130 /* CalendarTableViewCell.swift */; };
		8232CB812980100E00453130 /* CalendarTableViewCell.xib in Resources */ = {isa = PBXBuildFile; fileRef = 8232CB7F2980100E00453130 /* CalendarTableViewCell.xib */; };
		8232CB842980102800453130 /* CalendarCollectionViewCell.swift in Sources */ = {isa = PBXBuildFile; fileRef = 8232CB822980102800453130 /* CalendarCollectionViewCell.swift */; };
		8232CB872980165B00453130 /* CalendarData.swift in Sources */ = {isa = PBXBuildFile; fileRef = 8232CB862980165B00453130 /* CalendarData.swift */; };
		824992F4298A1F740006397D /* CalendarCollectionViewCell.xib in Resources */ = {isa = PBXBuildFile; fileRef = 824992F3298A1F740006397D /* CalendarCollectionViewCell.xib */; };
		824992F6298A2DA90006397D /* AddViewController.swift in Sources */ = {isa = PBXBuildFile; fileRef = 824992F5298A2DA90006397D /* AddViewController.swift */; };
		824992F8298A406D0006397D /* Date.swift in Sources */ = {isa = PBXBuildFile; fileRef = 824992F7298A406D0006397D /* Date.swift */; };
		827CB4922980081300FBEFF6 /* AppDelegate.swift in Sources */ = {isa = PBXBuildFile; fileRef = 827CB4912980081300FBEFF6 /* AppDelegate.swift */; };
		827CB4942980081300FBEFF6 /* SceneDelegate.swift in Sources */ = {isa = PBXBuildFile; fileRef = 827CB4932980081300FBEFF6 /* SceneDelegate.swift */; };
		827CB4962980081300FBEFF6 /* MainViewController.swift in Sources */ = {isa = PBXBuildFile; fileRef = 827CB4952980081300FBEFF6 /* MainViewController.swift */; };
		827CB4992980081300FBEFF6 /* Main.storyboard in Resources */ = {isa = PBXBuildFile; fileRef = 827CB4972980081300FBEFF6 /* Main.storyboard */; };
		827CB49C2980081300FBEFF6 /* MyFitness.xcdatamodeld in Sources */ = {isa = PBXBuildFile; fileRef = 827CB49A2980081300FBEFF6 /* MyFitness.xcdatamodeld */; };
		827CB49E2980081400FBEFF6 /* Assets.xcassets in Resources */ = {isa = PBXBuildFile; fileRef = 827CB49D2980081400FBEFF6 /* Assets.xcassets */; };
		827CB4A12980081400FBEFF6 /* LaunchScreen.storyboard in Resources */ = {isa = PBXBuildFile; fileRef = 827CB49F2980081400FBEFF6 /* LaunchScreen.storyboard */; };
		8290354D298B3B1000ECA865 /* CoreDataManager.swift in Sources */ = {isa = PBXBuildFile; fileRef = 8290354C298B3B1000ECA865 /* CoreDataManager.swift */; };
		8290354F298B3CE500ECA865 /* Excersize.swift in Sources */ = {isa = PBXBuildFile; fileRef = 8290354E298B3CE500ECA865 /* Excersize.swift */; };
/* End PBXBuildFile section */

/* Begin PBXFileReference section */
		603428B94C96C49D0A5E8ED6 /* Pods-MyFitnes.debug.xcconfig */ = {isa = PBXFileReference; includeInIndex = 1; lastKnownFileType = text.xcconfig; name = "Pods-MyFitnes.debug.xcconfig"; path = "Target Support Files/Pods-MyFitnes/Pods-MyFitnes.debug.xcconfig"; sourceTree = "<group>"; };
		614DDD6EAE3C4C5AAFEBB31B /* Pods_MyFitness.framework */ = {isa = PBXFileReference; explicitFileType = wrapper.framework; includeInIndex = 0; path = Pods_MyFitness.framework; sourceTree = BUILT_PRODUCTS_DIR; };
		8232CB7E2980100E00453130 /* CalendarTableViewCell.swift */ = {isa = PBXFileReference; lastKnownFileType = sourcecode.swift; path = CalendarTableViewCell.swift; sourceTree = "<group>"; };
		8232CB7F2980100E00453130 /* CalendarTableViewCell.xib */ = {isa = PBXFileReference; lastKnownFileType = file.xib; path = CalendarTableViewCell.xib; sourceTree = "<group>"; };
		8232CB822980102800453130 /* CalendarCollectionViewCell.swift */ = {isa = PBXFileReference; lastKnownFileType = sourcecode.swift; path = CalendarCollectionViewCell.swift; sourceTree = "<group>"; };
		8232CB862980165B00453130 /* CalendarData.swift */ = {isa = PBXFileReference; lastKnownFileType = sourcecode.swift; path = CalendarData.swift; sourceTree = "<group>"; };
		824992F3298A1F740006397D /* CalendarCollectionViewCell.xib */ = {isa = PBXFileReference; lastKnownFileType = file.xib; path = CalendarCollectionViewCell.xib; sourceTree = "<group>"; };
		824992F5298A2DA90006397D /* AddViewController.swift */ = {isa = PBXFileReference; lastKnownFileType = sourcecode.swift; path = AddViewController.swift; sourceTree = "<group>"; };
		824992F7298A406D0006397D /* Date.swift */ = {isa = PBXFileReference; lastKnownFileType = sourcecode.swift; path = Date.swift; sourceTree = "<group>"; };
		827CB48E2980081300FBEFF6 /* MyFitness.app */ = {isa = PBXFileReference; explicitFileType = wrapper.application; includeInIndex = 0; path = MyFitness.app; sourceTree = BUILT_PRODUCTS_DIR; };
		827CB4912980081300FBEFF6 /* AppDelegate.swift */ = {isa = PBXFileReference; lastKnownFileType = sourcecode.swift; path = AppDelegate.swift; sourceTree = "<group>"; };
		827CB4932980081300FBEFF6 /* SceneDelegate.swift */ = {isa = PBXFileReference; lastKnownFileType = sourcecode.swift; path = SceneDelegate.swift; sourceTree = "<group>"; };
		827CB4952980081300FBEFF6 /* MainViewController.swift */ = {isa = PBXFileReference; lastKnownFileType = sourcecode.swift; path = MainViewController.swift; sourceTree = "<group>"; };
		827CB4982980081300FBEFF6 /* Base */ = {isa = PBXFileReference; lastKnownFileType = file.storyboard; name = Base; path = Base.lproj/Main.storyboard; sourceTree = "<group>"; };
		827CB49B2980081300FBEFF6 /* MyFitnes.xcdatamodel */ = {isa = PBXFileReference; lastKnownFileType = wrapper.xcdatamodel; path = MyFitnes.xcdatamodel; sourceTree = "<group>"; };
		827CB49D2980081400FBEFF6 /* Assets.xcassets */ = {isa = PBXFileReference; lastKnownFileType = folder.assetcatalog; path = Assets.xcassets; sourceTree = "<group>"; };
		827CB4A02980081400FBEFF6 /* Base */ = {isa = PBXFileReference; lastKnownFileType = file.storyboard; name = Base; path = Base.lproj/LaunchScreen.storyboard; sourceTree = "<group>"; };
		827CB4A22980081400FBEFF6 /* Info.plist */ = {isa = PBXFileReference; lastKnownFileType = text.plist.xml; path = Info.plist; sourceTree = "<group>"; };
		8290354C298B3B1000ECA865 /* CoreDataManager.swift */ = {isa = PBXFileReference; lastKnownFileType = sourcecode.swift; path = CoreDataManager.swift; sourceTree = "<group>"; };
		8290354E298B3CE500ECA865 /* Excersize.swift */ = {isa = PBXFileReference; lastKnownFileType = sourcecode.swift; path = Excersize.swift; sourceTree = "<group>"; };
		9B3D5B6C1BACA36444EB79EB /* Pods-MyFitness.release.xcconfig */ = {isa = PBXFileReference; includeInIndex = 1; lastKnownFileType = text.xcconfig; name = "Pods-MyFitness.release.xcconfig"; path = "Target Support Files/Pods-MyFitness/Pods-MyFitness.release.xcconfig"; sourceTree = "<group>"; };
		CD133F5859525960C6A2A71B /* Pods-MyFitness.debug.xcconfig */ = {isa = PBXFileReference; includeInIndex = 1; lastKnownFileType = text.xcconfig; name = "Pods-MyFitness.debug.xcconfig"; path = "Target Support Files/Pods-MyFitness/Pods-MyFitness.debug.xcconfig"; sourceTree = "<group>"; };
		CE30A28A05A21C2EDE1BCE54 /* Pods-MyFitnes.release.xcconfig */ = {isa = PBXFileReference; includeInIndex = 1; lastKnownFileType = text.xcconfig; name = "Pods-MyFitnes.release.xcconfig"; path = "Target Support Files/Pods-MyFitnes/Pods-MyFitnes.release.xcconfig"; sourceTree = "<group>"; };
/* End PBXFileReference section */

/* Begin PBXFrameworksBuildPhase section */
		827CB48B2980081300FBEFF6 /* Frameworks */ = {
			isa = PBXFrameworksBuildPhase;
			buildActionMask = 2147483647;
			files = (
				771B330E6A3048A27B989015 /* Pods_MyFitness.framework in Frameworks */,
			);
			runOnlyForDeploymentPostprocessing = 0;
		};
/* End PBXFrameworksBuildPhase section */

/* Begin PBXGroup section */
		0EF60EB32B93E95B6DD89007 /* Pods */ = {
			isa = PBXGroup;
			children = (
				603428B94C96C49D0A5E8ED6 /* Pods-MyFitnes.debug.xcconfig */,
				CE30A28A05A21C2EDE1BCE54 /* Pods-MyFitnes.release.xcconfig */,
				CD133F5859525960C6A2A71B /* Pods-MyFitness.debug.xcconfig */,
				9B3D5B6C1BACA36444EB79EB /* Pods-MyFitness.release.xcconfig */,
			);
			path = Pods;
			sourceTree = "<group>";
		};
		827CB4852980081300FBEFF6 = {
			isa = PBXGroup;
			children = (
				827CB4902980081300FBEFF6 /* MyFitness */,
				827CB48F2980081300FBEFF6 /* Products */,
				0EF60EB32B93E95B6DD89007 /* Pods */,
				B4AEB36A61ACECCD4A0FA0B4 /* Frameworks */,
			);
			sourceTree = "<group>";
		};
		827CB48F2980081300FBEFF6 /* Products */ = {
			isa = PBXGroup;
			children = (
				827CB48E2980081300FBEFF6 /* MyFitness.app */,
			);
			name = Products;
			sourceTree = "<group>";
		};
		827CB4902980081300FBEFF6 /* MyFitness */ = {
			isa = PBXGroup;
			children = (
				827CB4912980081300FBEFF6 /* AppDelegate.swift */,
				827CB4932980081300FBEFF6 /* SceneDelegate.swift */,
				827CB4952980081300FBEFF6 /* MainViewController.swift */,
				827CB4972980081300FBEFF6 /* Main.storyboard */,
				827CB49D2980081400FBEFF6 /* Assets.xcassets */,
				827CB49F2980081400FBEFF6 /* LaunchScreen.storyboard */,
				827CB4A22980081400FBEFF6 /* Info.plist */,
				827CB49A2980081300FBEFF6 /* MyFitness.xcdatamodeld */,
				8232CB7E2980100E00453130 /* CalendarTableViewCell.swift */,
				8232CB7F2980100E00453130 /* CalendarTableViewCell.xib */,
				8232CB822980102800453130 /* CalendarCollectionViewCell.swift */,
				824992F3298A1F740006397D /* CalendarCollectionViewCell.xib */,
				8232CB862980165B00453130 /* CalendarData.swift */,
				824992F5298A2DA90006397D /* AddViewController.swift */,
				824992F7298A406D0006397D /* Date.swift */,
				8290354C298B3B1000ECA865 /* CoreDataManager.swift */,
				8290354E298B3CE500ECA865 /* Excersize.swift */,
			);
			path = MyFitness;
			sourceTree = "<group>";
		};
		B4AEB36A61ACECCD4A0FA0B4 /* Frameworks */ = {
			isa = PBXGroup;
			children = (
				614DDD6EAE3C4C5AAFEBB31B /* Pods_MyFitness.framework */,
			);
			name = Frameworks;
			sourceTree = "<group>";
		};
/* End PBXGroup section */

/* Begin PBXNativeTarget section */
		827CB48D2980081300FBEFF6 /* MyFitness */ = {
			isa = PBXNativeTarget;
			buildConfigurationList = 827CB4A52980081400FBEFF6 /* Build configuration list for PBXNativeTarget "MyFitness" */;
			buildPhases = (
				12067FC5096FF73C719A48A2 /* [CP] Check Pods Manifest.lock */,
				827CB48A2980081300FBEFF6 /* Sources */,
				827CB48B2980081300FBEFF6 /* Frameworks */,
				827CB48C2980081300FBEFF6 /* Resources */,
				C85CCC444B48782918452EA0 /* [CP] Embed Pods Frameworks */,
				B01FEFA2F7B48774567F0A13 /* [CP] Copy Pods Resources */,
			);
			buildRules = (
			);
			dependencies = (
			);
			name = MyFitness;
			productName = MyFitnes;
			productReference = 827CB48E2980081300FBEFF6 /* MyFitness.app */;
			productType = "com.apple.product-type.application";
		};
/* End PBXNativeTarget section */

/* Begin PBXProject section */
		827CB4862980081300FBEFF6 /* Project object */ = {
			isa = PBXProject;
			attributes = {
				BuildIndependentTargetsInParallel = 1;
				LastSwiftUpdateCheck = 1420;
				LastUpgradeCheck = 1420;
				TargetAttributes = {
					827CB48D2980081300FBEFF6 = {
						CreatedOnToolsVersion = 14.2;
					};
				};
			};
			buildConfigurationList = 827CB4892980081300FBEFF6 /* Build configuration list for PBXProject "MyFitness" */;
			compatibilityVersion = "Xcode 14.0";
			developmentRegion = en;
			hasScannedForEncodings = 0;
			knownRegions = (
				en,
				Base,
			);
			mainGroup = 827CB4852980081300FBEFF6;
			productRefGroup = 827CB48F2980081300FBEFF6 /* Products */;
			projectDirPath = "";
			projectRoot = "";
			targets = (
				827CB48D2980081300FBEFF6 /* MyFitness */,
			);
		};
/* End PBXProject section */

/* Begin PBXResourcesBuildPhase section */
		827CB48C2980081300FBEFF6 /* Resources */ = {
			isa = PBXResourcesBuildPhase;
			buildActionMask = 2147483647;
			files = (
				827CB4A12980081400FBEFF6 /* LaunchScreen.storyboard in Resources */,
				827CB49E2980081400FBEFF6 /* Assets.xcassets in Resources */,
				827CB4992980081300FBEFF6 /* Main.storyboard in Resources */,
				824992F4298A1F740006397D /* CalendarCollectionViewCell.xib in Resources */,
				8232CB812980100E00453130 /* CalendarTableViewCell.xib in Resources */,
			);
			runOnlyForDeploymentPostprocessing = 0;
		};
/* End PBXResourcesBuildPhase section */

/* Begin PBXShellScriptBuildPhase section */
		12067FC5096FF73C719A48A2 /* [CP] Check Pods Manifest.lock */ = {
			isa = PBXShellScriptBuildPhase;
			buildActionMask = 2147483647;
			files = (
			);
			inputFileListPaths = (
			);
			inputPaths = (
				"${PODS_PODFILE_DIR_PATH}/Podfile.lock",
				"${PODS_ROOT}/Manifest.lock",
			);
			name = "[CP] Check Pods Manifest.lock";
			outputFileListPaths = (
			);
			outputPaths = (
				"$(DERIVED_FILE_DIR)/Pods-MyFitness-checkManifestLockResult.txt",
			);
			runOnlyForDeploymentPostprocessing = 0;
			shellPath = /bin/sh;
			shellScript = "diff \"${PODS_PODFILE_DIR_PATH}/Podfile.lock\" \"${PODS_ROOT}/Manifest.lock\" > /dev/null\nif [ $? != 0 ] ; then\n    # print error to STDERR\n    echo \"error: The sandbox is not in sync with the Podfile.lock. Run 'pod install' or update your CocoaPods installation.\" >&2\n    exit 1\nfi\n# This output is used by Xcode 'outputs' to avoid re-running this script phase.\necho \"SUCCESS\" > \"${SCRIPT_OUTPUT_FILE_0}\"\n";
			showEnvVarsInLog = 0;
		};
		B01FEFA2F7B48774567F0A13 /* [CP] Copy Pods Resources */ = {
			isa = PBXShellScriptBuildPhase;
			buildActionMask = 2147483647;
			files = (
			);
			inputFileListPaths = (
				"${PODS_ROOT}/Target Support Files/Pods-MyFitness/Pods-MyFitness-resources-${CONFIGURATION}-input-files.xcfilelist",
			);
			name = "[CP] Copy Pods Resources";
			outputFileListPaths = (
				"${PODS_ROOT}/Target Support Files/Pods-MyFitness/Pods-MyFitness-resources-${CONFIGURATION}-output-files.xcfilelist",
			);
			runOnlyForDeploymentPostprocessing = 0;
			shellPath = /bin/sh;
			shellScript = "\"${PODS_ROOT}/Target Support Files/Pods-MyFitness/Pods-MyFitness-resources.sh\"\n";
			showEnvVarsInLog = 0;
		};
		C85CCC444B48782918452EA0 /* [CP] Embed Pods Frameworks */ = {
			isa = PBXShellScriptBuildPhase;
			buildActionMask = 2147483647;
			files = (
			);
			inputFileListPaths = (
				"${PODS_ROOT}/Target Support Files/Pods-MyFitness/Pods-MyFitness-frameworks-${CONFIGURATION}-input-files.xcfilelist",
			);
			name = "[CP] Embed Pods Frameworks";
			outputFileListPaths = (
				"${PODS_ROOT}/Target Support Files/Pods-MyFitness/Pods-MyFitness-frameworks-${CONFIGURATION}-output-files.xcfilelist",
			);
			runOnlyForDeploymentPostprocessing = 0;
			shellPath = /bin/sh;
			shellScript = "\"${PODS_ROOT}/Target Support Files/Pods-MyFitness/Pods-MyFitness-frameworks.sh\"\n";
			showEnvVarsInLog = 0;
		};
/* End PBXShellScriptBuildPhase section */

/* Begin PBXSourcesBuildPhase section */
		827CB48A2980081300FBEFF6 /* Sources */ = {
			isa = PBXSourcesBuildPhase;
			buildActionMask = 2147483647;
			files = (
				8232CB842980102800453130 /* CalendarCollectionViewCell.swift in Sources */,
				8232CB872980165B00453130 /* CalendarData.swift in Sources */,
				824992F6298A2DA90006397D /* AddViewController.swift in Sources */,
				827CB49C2980081300FBEFF6 /* MyFitness.xcdatamodeld in Sources */,
				8290354F298B3CE500ECA865 /* Excersize.swift in Sources */,
				827CB4962980081300FBEFF6 /* MainViewController.swift in Sources */,
				827CB4922980081300FBEFF6 /* AppDelegate.swift in Sources */,
				8232CB802980100E00453130 /* CalendarTableViewCell.swift in Sources */,
				824992F8298A406D0006397D /* Date.swift in Sources */,
				8290354D298B3B1000ECA865 /* CoreDataManager.swift in Sources */,
				827CB4942980081300FBEFF6 /* SceneDelegate.swift in Sources */,
			);
			runOnlyForDeploymentPostprocessing = 0;
		};
/* End PBXSourcesBuildPhase section */

/* Begin PBXVariantGroup section */
		827CB4972980081300FBEFF6 /* Main.storyboard */ = {
			isa = PBXVariantGroup;
			children = (
				827CB4982980081300FBEFF6 /* Base */,
			);
			name = Main.storyboard;
			sourceTree = "<group>";
		};
		827CB49F2980081400FBEFF6 /* LaunchScreen.storyboard */ = {
			isa = PBXVariantGroup;
			children = (
				827CB4A02980081400FBEFF6 /* Base */,
			);
			name = LaunchScreen.storyboard;
			sourceTree = "<group>";
		};
/* End PBXVariantGroup section */

/* Begin XCBuildConfiguration section */
		827CB4A32980081400FBEFF6 /* Debug */ = {
			isa = XCBuildConfiguration;
			buildSettings = {
				ALWAYS_SEARCH_USER_PATHS = NO;
				CLANG_ANALYZER_NONNULL = YES;
				CLANG_ANALYZER_NUMBER_OBJECT_CONVERSION = YES_AGGRESSIVE;
				CLANG_CXX_LANGUAGE_STANDARD = "gnu++20";
				CLANG_ENABLE_MODULES = YES;
				CLANG_ENABLE_OBJC_ARC = YES;
				CLANG_ENABLE_OBJC_WEAK = YES;
				CLANG_WARN_BLOCK_CAPTURE_AUTORELEASING = YES;
				CLANG_WARN_BOOL_CONVERSION = YES;
				CLANG_WARN_COMMA = YES;
				CLANG_WARN_CONSTANT_CONVERSION = YES;
				CLANG_WARN_DEPRECATED_OBJC_IMPLEMENTATIONS = YES;
				CLANG_WARN_DIRECT_OBJC_ISA_USAGE = YES_ERROR;
				CLANG_WARN_DOCUMENTATION_COMMENTS = YES;
				CLANG_WARN_EMPTY_BODY = YES;
				CLANG_WARN_ENUM_CONVERSION = YES;
				CLANG_WARN_INFINITE_RECURSION = YES;
				CLANG_WARN_INT_CONVERSION = YES;
				CLANG_WARN_NON_LITERAL_NULL_CONVERSION = YES;
				CLANG_WARN_OBJC_IMPLICIT_RETAIN_SELF = YES;
				CLANG_WARN_OBJC_LITERAL_CONVERSION = YES;
				CLANG_WARN_OBJC_ROOT_CLASS = YES_ERROR;
				CLANG_WARN_QUOTED_INCLUDE_IN_FRAMEWORK_HEADER = YES;
				CLANG_WARN_RANGE_LOOP_ANALYSIS = YES;
				CLANG_WARN_STRICT_PROTOTYPES = YES;
				CLANG_WARN_SUSPICIOUS_MOVE = YES;
				CLANG_WARN_UNGUARDED_AVAILABILITY = YES_AGGRESSIVE;
				CLANG_WARN_UNREACHABLE_CODE = YES;
				CLANG_WARN__DUPLICATE_METHOD_MATCH = YES;
				COPY_PHASE_STRIP = NO;
				DEBUG_INFORMATION_FORMAT = dwarf;
				ENABLE_STRICT_OBJC_MSGSEND = YES;
				ENABLE_TESTABILITY = YES;
				GCC_C_LANGUAGE_STANDARD = gnu11;
				GCC_DYNAMIC_NO_PIC = NO;
				GCC_NO_COMMON_BLOCKS = YES;
				GCC_OPTIMIZATION_LEVEL = 0;
				GCC_PREPROCESSOR_DEFINITIONS = (
					"DEBUG=1",
					"$(inherited)",
				);
				GCC_WARN_64_TO_32_BIT_CONVERSION = YES;
				GCC_WARN_ABOUT_RETURN_TYPE = YES_ERROR;
				GCC_WARN_UNDECLARED_SELECTOR = YES;
				GCC_WARN_UNINITIALIZED_AUTOS = YES_AGGRESSIVE;
				GCC_WARN_UNUSED_FUNCTION = YES;
				GCC_WARN_UNUSED_VARIABLE = YES;
				IPHONEOS_DEPLOYMENT_TARGET = 14.0;
				MTL_ENABLE_DEBUG_INFO = INCLUDE_SOURCE;
				MTL_FAST_MATH = YES;
				ONLY_ACTIVE_ARCH = YES;
				SDKROOT = iphoneos;
				SWIFT_ACTIVE_COMPILATION_CONDITIONS = DEBUG;
				SWIFT_OPTIMIZATION_LEVEL = "-Onone";
			};
			name = Debug;
		};
		827CB4A42980081400FBEFF6 /* Release */ = {
			isa = XCBuildConfiguration;
			buildSettings = {
				ALWAYS_SEARCH_USER_PATHS = NO;
				CLANG_ANALYZER_NONNULL = YES;
				CLANG_ANALYZER_NUMBER_OBJECT_CONVERSION = YES_AGGRESSIVE;
				CLANG_CXX_LANGUAGE_STANDARD = "gnu++20";
				CLANG_ENABLE_MODULES = YES;
				CLANG_ENABLE_OBJC_ARC = YES;
				CLANG_ENABLE_OBJC_WEAK = YES;
				CLANG_WARN_BLOCK_CAPTURE_AUTORELEASING = YES;
				CLANG_WARN_BOOL_CONVERSION = YES;
				CLANG_WARN_COMMA = YES;
				CLANG_WARN_CONSTANT_CONVERSION = YES;
				CLANG_WARN_DEPRECATED_OBJC_IMPLEMENTATIONS = YES;
				CLANG_WARN_DIRECT_OBJC_ISA_USAGE = YES_ERROR;
				CLANG_WARN_DOCUMENTATION_COMMENTS = YES;
				CLANG_WARN_EMPTY_BODY = YES;
				CLANG_WARN_ENUM_CONVERSION = YES;
				CLANG_WARN_INFINITE_RECURSION = YES;
				CLANG_WARN_INT_CONVERSION = YES;
				CLANG_WARN_NON_LITERAL_NULL_CONVERSION = YES;
				CLANG_WARN_OBJC_IMPLICIT_RETAIN_SELF = YES;
				CLANG_WARN_OBJC_LITERAL_CONVERSION = YES;
				CLANG_WARN_OBJC_ROOT_CLASS = YES_ERROR;
				CLANG_WARN_QUOTED_INCLUDE_IN_FRAMEWORK_HEADER = YES;
				CLANG_WARN_RANGE_LOOP_ANALYSIS = YES;
				CLANG_WARN_STRICT_PROTOTYPES = YES;
				CLANG_WARN_SUSPICIOUS_MOVE = YES;
				CLANG_WARN_UNGUARDED_AVAILABILITY = YES_AGGRESSIVE;
				CLANG_WARN_UNREACHABLE_CODE = YES;
				CLANG_WARN__DUPLICATE_METHOD_MATCH = YES;
				COPY_PHASE_STRIP = NO;
				DEBUG_INFORMATION_FORMAT = "dwarf-with-dsym";
				ENABLE_NS_ASSERTIONS = NO;
				ENABLE_STRICT_OBJC_MSGSEND = YES;
				GCC_C_LANGUAGE_STANDARD = gnu11;
				GCC_NO_COMMON_BLOCKS = YES;
				GCC_WARN_64_TO_32_BIT_CONVERSION = YES;
				GCC_WARN_ABOUT_RETURN_TYPE = YES_ERROR;
				GCC_WARN_UNDECLARED_SELECTOR = YES;
				GCC_WARN_UNINITIALIZED_AUTOS = YES_AGGRESSIVE;
				GCC_WARN_UNUSED_FUNCTION = YES;
				GCC_WARN_UNUSED_VARIABLE = YES;
				IPHONEOS_DEPLOYMENT_TARGET = 14.0;
				MTL_ENABLE_DEBUG_INFO = NO;
				MTL_FAST_MATH = YES;
				SDKROOT = iphoneos;
				SWIFT_COMPILATION_MODE = wholemodule;
				SWIFT_OPTIMIZATION_LEVEL = "-O";
				VALIDATE_PRODUCT = YES;
			};
			name = Release;
		};
		827CB4A62980081400FBEFF6 /* Debug */ = {
			isa = XCBuildConfiguration;
			baseConfigurationReference = CD133F5859525960C6A2A71B /* Pods-MyFitness.debug.xcconfig */;
			buildSettings = {
				ASSETCATALOG_COMPILER_APPICON_NAME = AppIcon;
				ASSETCATALOG_COMPILER_GLOBAL_ACCENT_COLOR_NAME = AccentColor;
				CODE_SIGN_IDENTITY = "Apple Development";
				"CODE_SIGN_IDENTITY[sdk=iphoneos*]" = "iPhone Developer";
				CODE_SIGN_STYLE = Manual;
				CURRENT_PROJECT_VERSION = 1;
				DEVELOPMENT_TEAM = "";
				"DEVELOPMENT_TEAM[sdk=iphoneos*]" = 9477PE6E52;
				GENERATE_INFOPLIST_FILE = YES;
				INFOPLIST_FILE = MyFitness/Info.plist;
				INFOPLIST_KEY_UIApplicationSupportsIndirectInputEvents = YES;
				INFOPLIST_KEY_UILaunchStoryboardName = LaunchScreen;
				INFOPLIST_KEY_UIMainStoryboardFile = Main;
				INFOPLIST_KEY_UISupportedInterfaceOrientations_iPad = "UIInterfaceOrientationPortrait UIInterfaceOrientationPortraitUpsideDown UIInterfaceOrientationLandscapeLeft UIInterfaceOrientationLandscapeRight";
				INFOPLIST_KEY_UISupportedInterfaceOrientations_iPhone = "UIInterfaceOrientationPortrait UIInterfaceOrientationLandscapeLeft UIInterfaceOrientationLandscapeRight";
				IPHONEOS_DEPLOYMENT_TARGET = 14.0;
				LD_RUNPATH_SEARCH_PATHS = (
					"$(inherited)",
					"@executable_path/Frameworks",
				);
				MARKETING_VERSION = 1.0;
				PRODUCT_BUNDLE_IDENTIFIER = com.umc.MyFit;
				PRODUCT_NAME = "$(TARGET_NAME)";
				PROVISIONING_PROFILE_SPECIFIER = "";
				"PROVISIONING_PROFILE_SPECIFIER[sdk=iphoneos*]" = "UMC Public Dev";
				SWIFT_EMIT_LOC_STRINGS = YES;
				SWIFT_VERSION = 5.0;
				TARGETED_DEVICE_FAMILY = "1,2";
			};
			name = Debug;
		};
		827CB4A72980081400FBEFF6 /* Release */ = {
			isa = XCBuildConfiguration;
			baseConfigurationReference = 9B3D5B6C1BACA36444EB79EB /* Pods-MyFitness.release.xcconfig */;
			buildSettings = {
				ASSETCATALOG_COMPILER_APPICON_NAME = AppIcon;
				ASSETCATALOG_COMPILER_GLOBAL_ACCENT_COLOR_NAME = AccentColor;
				CODE_SIGN_IDENTITY = "Apple Development";
				"CODE_SIGN_IDENTITY[sdk=iphoneos*]" = "iPhone Developer";
				CODE_SIGN_STYLE = Manual;
				CURRENT_PROJECT_VERSION = 1;
				DEVELOPMENT_TEAM = "";
				"DEVELOPMENT_TEAM[sdk=iphoneos*]" = 9477PE6E52;
				GENERATE_INFOPLIST_FILE = YES;
				INFOPLIST_FILE = MyFitness/Info.plist;
				INFOPLIST_KEY_UIApplicationSupportsIndirectInputEvents = YES;
				INFOPLIST_KEY_UILaunchStoryboardName = LaunchScreen;
				INFOPLIST_KEY_UIMainStoryboardFile = Main;
				INFOPLIST_KEY_UISupportedInterfaceOrientations_iPad = "UIInterfaceOrientationPortrait UIInterfaceOrientationPortraitUpsideDown UIInterfaceOrientationLandscapeLeft UIInterfaceOrientationLandscapeRight";
				INFOPLIST_KEY_UISupportedInterfaceOrientations_iPhone = "UIInterfaceOrientationPortrait UIInterfaceOrientationLandscapeLeft UIInterfaceOrientationLandscapeRight";
				IPHONEOS_DEPLOYMENT_TARGET = 14.0;
				LD_RUNPATH_SEARCH_PATHS = (
					"$(inherited)",
					"@executable_path/Frameworks",
				);
				MARKETING_VERSION = 1.0;
				PRODUCT_BUNDLE_IDENTIFIER = com.umc.MyFit;
				PRODUCT_NAME = "$(TARGET_NAME)";
				PROVISIONING_PROFILE_SPECIFIER = "";
				"PROVISIONING_PROFILE_SPECIFIER[sdk=iphoneos*]" = "UMC Public Dev";
				SWIFT_EMIT_LOC_STRINGS = YES;
				SWIFT_VERSION = 5.0;
				TARGETED_DEVICE_FAMILY = "1,2";
			};
			name = Release;
		};
/* End XCBuildConfiguration section */

/* Begin XCConfigurationList section */
		827CB4892980081300FBEFF6 /* Build configuration list for PBXProject "MyFitness" */ = {
			isa = XCConfigurationList;
			buildConfigurations = (
				827CB4A32980081400FBEFF6 /* Debug */,
				827CB4A42980081400FBEFF6 /* Release */,
			);
			defaultConfigurationIsVisible = 0;
			defaultConfigurationName = Release;
		};
		827CB4A52980081400FBEFF6 /* Build configuration list for PBXNativeTarget "MyFitness" */ = {
			isa = XCConfigurationList;
			buildConfigurations = (
				827CB4A62980081400FBEFF6 /* Debug */,
				827CB4A72980081400FBEFF6 /* Release */,
			);
			defaultConfigurationIsVisible = 0;
			defaultConfigurationName = Release;
		};
/* End XCConfigurationList section */

/* Begin XCVersionGroup section */
		827CB49A2980081300FBEFF6 /* MyFitness.xcdatamodeld */ = {
			isa = XCVersionGroup;
			children = (
				827CB49B2980081300FBEFF6 /* MyFitnes.xcdatamodel */,
			);
			currentVersion = 827CB49B2980081300FBEFF6 /* MyFitnes.xcdatamodel */;
			path = MyFitness.xcdatamodeld;
			sourceTree = "<group>";
			versionGroupType = wrapper.xcdatamodel;
		};
/* End XCVersionGroup section */
	};
	rootObject = 827CB4862980081300FBEFF6 /* Project object */;
}
